
Microsoft Visual Studio Solution File, Format Version 12.00
# Visual Studio Version 17
VisualStudioVersion = 17.1.32210.238
MinimumVisualStudioVersion = 10.0.40219.1
Project("{FAE04EC0-301F-11D3-BF4B-00C04F79EFBC}") = "GenericDemo", "GenericDemo\GenericDemo.csproj", "{C771D5B7-B250-41C7-A9EA-DB01FAF6C48E}"
EndProject
Global
	GlobalSection(SolutionConfigurationPlatforms) = preSolution
		Debug|Any CPU = Debug|Any CPU
		Release|Any CPU = Release|Any CPU
	EndGlobalSection
	GlobalSection(ProjectConfigurationPlatforms) = postSolution
		{C771D5B7-B250-41C7-A9EA-DB01FAF6C48E}.Debug|Any CPU.ActiveCfg = Debug|Any CPU
		{C771D5B7-B250-41C7-A9EA-DB01FAF6C48E}.Debug|Any CPU.Build.0 = Debug|Any CPU
		{C771D5B7-B250-41C7-A9EA-DB01FAF6C48E}.Release|Any CPU.ActiveCfg = Release|Any CPU
		{C771D5B7-B250-41C7-A9EA-DB01FAF6C48E}.Release|Any CPU.Build.0 = Release|Any CPU
	EndGlobalSection
	GlobalSection(SolutionProperties) = preSolution
		HideSolutionNode = FALSE
	EndGlobalSection
	GlobalSection(ExtensibilityGlobals) = postSolution
		SolutionGuid = {42807672-3D76-445D-A82D-0B7619EAAD70}
	EndGlobalSection
EndGlobal
